
Microsoft Visual Studio Solution File, Format Version 12.00
# Visual Studio Version 16
VisualStudioVersion = 16.0.31105.61
MinimumVisualStudioVersion = 10.0.40219.1
Project("{FAE04EC0-301F-11D3-BF4B-00C04F79EFBC}") = "tentamen_hamster", "tentamen_hamster\tentamen_hamster.csproj", "{0C703505-CB1F-4344-B8E1-2E438E49181B}"
EndProject
Global
	GlobalSection(SolutionConfigurationPlatforms) = preSolution
		Debug|Any CPU = Debug|Any CPU
		Release|Any CPU = Release|Any CPU
	EndGlobalSection
	GlobalSection(ProjectConfigurationPlatforms) = postSolution
		{0C703505-CB1F-4344-B8E1-2E438E49181B}.Debug|Any CPU.ActiveCfg = Debug|Any CPU
		{0C703505-CB1F-4344-B8E1-2E438E49181B}.Debug|Any CPU.Build.0 = Debug|Any CPU
		{0C703505-CB1F-4344-B8E1-2E438E49181B}.Release|Any CPU.ActiveCfg = Release|Any CPU
		{0C703505-CB1F-4344-B8E1-2E438E49181B}.Release|Any CPU.Build.0 = Release|Any CPU
	EndGlobalSection
	GlobalSection(SolutionProperties) = preSolution
		HideSolutionNode = FALSE
	EndGlobalSection
	GlobalSection(ExtensibilityGlobals) = postSolution
		SolutionGuid = {FE342811-7790-4CE5-8171-E771AA62C4B4}
	EndGlobalSection
EndGlobal
